
Microsoft Visual Studio Solution File, Format Version 12.00
# Visual Studio 15
VisualStudioVersion = 15.0.27703.2047
MinimumVisualStudioVersion = 10.0.40219.1
Project("{9A19103F-16F7-4668-BE54-9A1E7A4F7556}") = "Console", "Console\Console.csproj", "{B090E686-8BA7-4F78-BA09-318B1A7F33F6}"
EndProject
Global
	GlobalSection(SolutionConfigurationPlatforms) = preSolution
		Debug|Any CPU = Debug|Any CPU
		Release|Any CPU = Release|Any CPU
	EndGlobalSection
	GlobalSection(ProjectConfigurationPlatforms) = postSolution
		{B090E686-8BA7-4F78-BA09-318B1A7F33F6}.Debug|Any CPU.ActiveCfg = Debug|Any CPU
		{B090E686-8BA7-4F78-BA09-318B1A7F33F6}.Debug|Any CPU.Build.0 = Debug|Any CPU
		{B090E686-8BA7-4F78-BA09-318B1A7F33F6}.Release|Any CPU.ActiveCfg = Release|Any CPU
		{B090E686-8BA7-4F78-BA09-318B1A7F33F6}.Release|Any CPU.Build.0 = Release|Any CPU
	EndGlobalSection
	GlobalSection(SolutionProperties) = preSolution
		HideSolutionNode = FALSE
	EndGlobalSection
	GlobalSection(ExtensibilityGlobals) = postSolution
		SolutionGuid = {F6A03A3B-EFC9-4A1D-B510-3F9726D6B5B9}
	EndGlobalSection
EndGlobal
